{
  "nodes": {
    "commonmark-initial-src": {
      "flake": false,
      "locked": {
        "lastModified": 1776763893,
        "narHash": "sha256-uM7Kplucb7TWSSDonVIPCwnvyzayBbib8gs6qbrIQ40=",
        "owner": "henrytill",
        "repo": "commonmark-initial",
        "rev": "a4e01f39fead8ac1b9ccb0df738002e30b7d99b3",
        "type": "github"
      },
      "original": {
        "owner": "henrytill",
        "repo": "commonmark-initial",
        "type": "github"
      }
    },
    "crane": {
      "locked": {
        "lastModified": 1789760033,
        "narHash": "sha256-jtT4yxZpR8seYnlCMMWSSPlFN92zO6ICuZ8pJrmi86k=",
        "owner": "ipetkov",
        "repo": "crane",
        "rev": "73b980519cefc727a5f6cc8e5c0947a2f9be6edd",
        "type": "github"
      },
      "original": {
        "owner": "ipetkov",
        "repo": "crane",
        "type": "github"
      }
    },
    "dwergaz-src": {
      "flake": false,
      "locked": {
        "lastModified": 1767767833,
        "narHash": "sha256-He88FegFGOU6inMI6Nlwz3Hq17G+mMNNY7jveMbSORA=",
        "owner": "henrytill",
        "repo": "dwergaz",
        "rev": "dc7695ad0df1cc976105b963bfe2d8d69055185c",
        "type": "github"
      },
      "original": {
        "owner": "henrytill",
        "repo": "dwergaz",
        "type": "github"
      }
    },
    "flake-compat": {
      "flake": false,
      "locked": {
        "lastModified": 1747046372,
        "narHash": "sha256-CIVLLkVgvHYbgI2UpXvIIBJ12HWgX+fjA8Xf8PUmqCY=",
        "owner": "edolstra",
        "repo": "flake-compat",
        "rev": "9100a0f413b0c601e0533d1d94ffd501ce2e7885",
        "type": "github"
      },
      "original": {
        "owner": "edolstra",
        "repo": "flake-compat",
        "type": "github"
      }
    },
    "flake-utils": {
      "inputs": {
        "systems": "systems"
      },
      "locked": {
        "lastModified": 1731533236,
        "narHash": "sha256-l0KFg5HjrsfsO/JpG+r7fRrqm12kzFHyUHqHCVpMMbI=",
        "owner": "numtide",
        "repo": "flake-utils",
        "rev": "11707dc2f618dd54ca8739b309ec4fc024de578b",
        "type": "github"
      },
      "original": {
        "owner": "numtide",
        "repo": "flake-utils",
        "type": "github"
      }
    },
    "flake-utils_2": {
      "inputs": {
        "systems": "systems_2"
      },
      "locked": {
        "lastModified": 1731533236,
        "narHash": "sha256-l0KFg5HjrsfsO/JpG+r7fRrqm12kzFHyUHqHCVpMMbI=",
        "owner": "numtide",
        "repo": "flake-utils",
        "rev": "11707dc2f618dd54ca8739b309ec4fc024de578b",
        "type": "github"
      },
      "original": {
        "owner": "numtide",
        "repo": "flake-utils",
        "type": "github"
      }
    },
    "flake-utils_3": {
      "inputs": {
        "systems": "systems_3"
      },
      "locked": {
        "lastModified": 1731533236,
        "narHash": "sha256-l0KFg5HjrsfsO/JpG+r7fRrqm12kzFHyUHqHCVpMMbI=",
        "owner": "numtide",
        "repo": "flake-utils",
        "rev": "11707dc2f618dd54ca8739b309ec4fc024de578b",
        "type": "github"
      },
      "original": {
        "owner": "numtide",
        "repo": "flake-utils",
        "type": "github"
      }
    },
    "flake-utils_4": {
      "inputs": {
        "systems": "systems_5"
      },
      "locked": {
        "lastModified": 1731533236,
        "narHash": "sha256-l0KFg5HjrsfsO/JpG+r7fRrqm12kzFHyUHqHCVpMMbI=",
        "owner": "numtide",
        "repo": "flake-utils",
        "rev": "11707dc2f618dd54ca8739b309ec4fc024de578b",
        "type": "github"
      },
      "original": {
        "owner": "numtide",
        "repo": "flake-utils",
        "type": "github"
      }
    },
    "flake-utils_5": {
      "inputs": {
        "systems": "systems_7"
      },
      "locked": {
        "lastModified": 1731533236,
        "narHash": "sha256-l0KFg5HjrsfsO/JpG+r7fRrqm12kzFHyUHqHCVpMMbI=",
        "owner": "numtide",
        "repo": "flake-utils",
        "rev": "11707dc2f618dd54ca8739b309ec4fc024de578b",
        "type": "github"
      },
      "original": {
        "owner": "numtide",
        "repo": "flake-utils",
        "type": "github"
      }
    },
    "hbt-data": {
      "inputs": {
        "flake-utils": [
          "flake-utils"
        ],
        "nixpkgs": [
          "nixpkgs"
        ]
      },
      "locked": {
        "lastModified": 1789793542,
        "narHash": "sha256-tXu9TsAEDU4uSemeV2e1YoAPVLecbmHIdiouget9jhE=",
        "owner": "henrytill",
        "repo": "hbt-data",
        "rev": "035d77ebe547ca41f78202b4f127430d9269c412",
        "type": "github"
      },
      "original": {
        "owner": "henrytill",
        "repo": "hbt-data",
        "type": "github"
      }
    },
    "hbt-data_2": {
      "inputs": {
        "flake-utils": [
          "hbt-go",
          "flake-utils"
        ],
        "nixpkgs": [
          "hbt-go",
          "nixpkgs"
        ]
      },
      "locked": {
        "path": "./testdata",
        "type": "path"
      },
      "original": {
        "path": "./testdata",
        "type": "path"
      },
      "parent": [
        "hbt-go"
      ]
    },
    "hbt-data_3": {
      "inputs": {
        "flake-utils": [
          "hbt-hs",
          "flake-utils"
        ],
        "nixpkgs": [
          "hbt-hs",
          "nixpkgs"
        ]
      },
      "locked": {
        "path": "./test/data",
        "type": "path"
      },
      "original": {
        "path": "./test/data",
        "type": "path"
      },
      "parent": [
        "hbt-hs"
      ]
    },
    "hbt-data_4": {
      "inputs": {
        "flake-utils": [
          "hbt-js",
          "utils"
        ],
        "nixpkgs": [
          "hbt-js",
          "nixpkgs"
        ]
      },
      "locked": {
        "path": "./test/data",
        "type": "path"
      },
      "original": {
        "path": "./test/data",
        "type": "path"
      },
      "parent": [
        "hbt-js"
      ]
    },
    "hbt-data_5": {
      "inputs": {
        "flake-utils": [
          "hbt-ocaml",
          "flake-utils"
        ],
        "nixpkgs": [
          "hbt-ocaml",
          "nixpkgs"
        ]
      },
      "locked": {
        "path": "./test/data",
        "type": "path"
      },
      "original": {
        "path": "./test/data",
        "type": "path"
      },
      "parent": [
        "hbt-ocaml"
      ]
    },
    "hbt-data_6": {
      "inputs": {
        "flake-utils": [
          "hbt-rs",
          "flake-utils"
        ],
        "nixpkgs": [
          "hbt-rs",
          "nixpkgs"
        ]
      },
      "locked": {
        "path": "./test-data",
        "type": "path"
      },
      "original": {
        "path": "./test-data",
        "type": "path"
      },
      "parent": [
        "hbt-rs"
      ]
    },
    "hbt-go": {
      "inputs": {
        "flake-utils": "flake-utils_2",
        "hbt-data": "hbt-data_2",
        "nixpkgs": "nixpkgs"
      },
      "locked": {
        "lastModified": 1791369271,
        "narHash": "sha256-s3Go84ropRng86Zwi+OlyisuRt6zIYdfGntYc9+2p0U=",
        "rev": "2abf2f0402b78d4fff5785a2d58450ba3e3a10f8",
        "revCount": 300,
        "submodules": true,
        "type": "git",
        "url": "file:./hbt-go"
      },
      "original": {
        "type": "git",
        "url": "file:./hbt-go"
      }
    },
    "hbt-hs": {
      "inputs": {
        "commonmark-initial-src": "commonmark-initial-src",
        "dwergaz-src": "dwergaz-src",
        "flake-utils": "flake-utils_3",
        "hbt-data": "hbt-data_3",
        "nixpkgs": "nixpkgs_2",
        "uri-bytestring-src": "uri-bytestring-src"
      },
      "locked": {
        "lastModified": 1791522826,
        "narHash": "sha256-C635acetTV6hOA3f3reOdv8ZycHoQxu4vFa7siET0Gw=",
        "rev": "9feb2c2c2036364e0aefc7a73b82eca11f35ef10",
        "revCount": 513,
        "submodules": true,
        "type": "git",
        "url": "file:./hbt-hs"
      },
      "original": {
        "type": "git",
        "url": "file:./hbt-hs"
      }
    },
    "hbt-js": {
      "inputs": {
        "hbt-data": "hbt-data_4",
        "nixpkgs": "nixpkgs_3",
        "utils": "utils"
      },
      "locked": {
        "lastModified": 1791519277,
        "narHash": "sha256-qVglLeodOta/Z4CFFqe2uCfeCWSfEwhfdGOWkExiZfA=",
        "rev": "b3ce1083e4776302e98d4df6739866f868e3b96c",
        "revCount": 104,
        "submodules": true,
        "type": "git",
        "url": "file:./hbt-js"
      },
      "original": {
        "type": "git",
        "url": "file:./hbt-js"
      }
    },
    "hbt-ocaml": {
      "inputs": {
        "flake-utils": [
          "hbt-ocaml",
          "opam-nix",
          "flake-utils"
        ],
        "hbt-data": "hbt-data_5",
        "nixpkgs": "nixpkgs_4",
        "opam-nix": "opam-nix",
        "opam-repository": "opam-repository"
      },
      "locked": {
        "lastModified": 1791498378,
        "narHash": "sha256-mTRZvFSayew+JxPQ/LsMv/no6ofw8lDPJuobgtRuxSc=",
        "rev": "63c886c0de694af08d7465ae5946808c2387377e",
        "revCount": 623,
        "submodules": true,
        "type": "git",
        "url": "file:./hbt-ocaml"
      },
      "original": {
        "type": "git",
        "url": "file:./hbt-ocaml"
      }
    },
    "hbt-rs": {
      "inputs": {
        "crane": "crane",
        "flake-utils": "flake-utils_5",
        "hbt-data": "hbt-data_6",
        "nixpkgs": "nixpkgs_5",
        "rust-overlay": "rust-overlay"
      },
      "locked": {
        "lastModified": 1791522808,
        "narHash": "sha256-bGT3Rb13rXYvOcgiUV/uH5NxnKeMOqGUAPntojUcuSo=",
        "rev": "a307536858f6641971e6ffe1e2e93e74a8f7fd0f",
        "revCount": 470,
        "submodules": true,
        "type": "git",
        "url": "file:./hbt-rs"
      },
      "original": {
        "type": "git",
        "url": "file:./hbt-rs"
      }
    },
    "mirage-opam-overlays": {
      "flake": false,
      "locked": {
        "lastModified": 1710922379,
        "narHash": "sha256-j4QREQDUf8oHOX7qg6wAOupgsNQoYlufxoPrgagD+pY=",
        "owner": "dune-universe",
        "repo": "mirage-opam-overlays",
        "rev": "797cb363df3ff763c43c8fbec5cd44de2878757e",
        "type": "github"
      },
      "original": {
        "owner": "dune-universe",
        "repo": "mirage-opam-overlays",
        "type": "github"
      }
    },
    "nixpkgs": {
      "locked": {
        "lastModified": 1790652569,
        "narHash": "sha256-641r7xrlSOHYoktL9/aArPIYNgZJ9eM5URzSEOtPJDY=",
        "owner": "nixos",
        "repo": "nixpkgs",
        "rev": "b6c8664de9b6cc07fe5666a29f91884ba81197c4",
        "type": "github"
      },
      "original": {
        "owner": "nixos",
        "ref": "nixpkgs-unstable",
        "repo": "nixpkgs",
        "type": "github"
      }
    },
    "nixpkgs-llvm17": {
      "locked": {
        "lastModified": 1723734425,
        "narHash": "sha256-GwSfzmTMpM+gAJHURHNRle6AX9nhhdZnC41tC4AkvO8=",
        "owner": "nixos",
        "repo": "nixpkgs",
        "rev": "35e0ed8d1875d2303fab9930c6eb205654a2f6a3",
        "type": "github"
      },
      "original": {
        "owner": "nixos",
        "repo": "nixpkgs",
        "rev": "35e0ed8d1875d2303fab9930c6eb205654a2f6a3",
        "type": "github"
      }
    },
    "nixpkgs-python38": {
      "locked": {
        "lastModified": 1708815994,
        "narHash": "sha256-hL7N/ut2Xu0NaDxDMsw2HagAjgDskToGiyZOWriiLYM=",
        "owner": "nixos",
        "repo": "nixpkgs",
        "rev": "9a9dae8f6319600fa9aebde37f340975cab4b8c0",
        "type": "github"
      },
      "original": {
        "owner": "nixos",
        "repo": "nixpkgs",
        "rev": "9a9dae8f6319600fa9aebde37f340975cab4b8c0",
        "type": "github"
      }
    },
    "nixpkgs-python39": {
      "locked": {
        "lastModified": 1743938762,
        "narHash": "sha256-UgFYn8sGv9B8PoFpUfCa43CjMZBl1x/ShQhRDHBFQdI=",
        "owner": "nixos",
        "repo": "nixpkgs",
        "rev": "74a40410369a1c35ee09b8a1abee6f4acbedc059",
        "type": "github"
      },
      "original": {
        "owner": "nixos",
        "repo": "nixpkgs",
        "rev": "74a40410369a1c35ee09b8a1abee6f4acbedc059",
        "type": "github"
      }
    },
    "nixpkgs_2": {
      "locked": {
        "lastModified": 1790652569,
        "narHash": "sha256-641r7xrlSOHYoktL9/aArPIYNgZJ9eM5URzSEOtPJDY=",
        "owner": "NixOS",
        "repo": "nixpkgs",
        "rev": "b6c8664de9b6cc07fe5666a29f91884ba81197c4",
        "type": "github"
      },
      "original": {
        "owner": "NixOS",
        "ref": "nixpkgs-unstable",
        "repo": "nixpkgs",
        "type": "github"
      }
    },
    "nixpkgs_3": {
      "locked": {
        "lastModified": 1791366222,
        "narHash": "sha256-o0N4g6uSOIppU7CGToNvGlMf5vC+B6O6ukFHKY/TKOY=",
        "owner": "NixOS",
        "repo": "nixpkgs",
        "rev": "39ad350a0602fa0a58a544344e3e9187526ea45c",
        "type": "github"
      },
      "original": {
        "owner": "NixOS",
        "ref": "nixpkgs-unstable",
        "repo": "nixpkgs",
        "type": "github"
      }
    },
    "nixpkgs_4": {
      "locked": {
        "lastModified": 1790652569,
        "narHash": "sha256-641r7xrlSOHYoktL9/aArPIYNgZJ9eM5URzSEOtPJDY=",
        "owner": "NixOS",
        "repo": "nixpkgs",
        "rev": "b6c8664de9b6cc07fe5666a29f91884ba81197c4",
        "type": "github"
      },
      "original": {
        "owner": "NixOS",
        "ref": "nixpkgs-unstable",
        "repo": "nixpkgs",
        "type": "github"
      }
    },
    "nixpkgs_5": {
      "locked": {
        "lastModified": 1790652569,
        "narHash": "sha256-641r7xrlSOHYoktL9/aArPIYNgZJ9eM5URzSEOtPJDY=",
        "owner": "nixos",
        "repo": "nixpkgs",
        "rev": "b6c8664de9b6cc07fe5666a29f91884ba81197c4",
        "type": "github"
      },
      "original": {
        "owner": "nixos",
        "ref": "nixpkgs-unstable",
        "repo": "nixpkgs",
        "type": "github"
      }
    },
    "nixpkgs_6": {
      "locked": {
        "lastModified": 1788922888,
        "narHash": "sha256-QMX3uerxnW2R5dHcWpIQILHDltOZnon3x3Spq7EzBFI=",
        "owner": "NixOS",
        "repo": "nixpkgs",
        "rev": "a391f95d4557d685fd8e5dc0d4b1f9271aa2f342",
        "type": "github"
      },
      "original": {
        "owner": "NixOS",
        "ref": "nixpkgs-unstable",
        "repo": "nixpkgs",
        "type": "github"
      }
    },
    "opam-nix": {
      "inputs": {
        "flake-compat": "flake-compat",
        "flake-utils": "flake-utils_4",
        "mirage-opam-overlays": "mirage-opam-overlays",
        "nixpkgs": [
          "hbt-ocaml",
          "nixpkgs"
        ],
        "nixpkgs-llvm17": "nixpkgs-llvm17",
        "nixpkgs-python38": "nixpkgs-python38",
        "nixpkgs-python39": "nixpkgs-python39",
        "opam-overlays": "opam-overlays",
        "opam-repository": [
          "hbt-ocaml",
          "opam-repository"
        ],
        "opam2json": "opam2json"
      },
      "locked": {
        "lastModified": 1789633723,
        "narHash": "sha256-QfbCEvTKWnyMICHDA4rpq/GxtfhMNIlddUpF3Y85FIc=",
        "owner": "tweag",
        "repo": "opam-nix",
        "rev": "c6a5487ee20d976bb4eb08c0c92a693178206eb4",
        "type": "github"
      },
      "original": {
        "owner": "tweag",
        "repo": "opam-nix",
        "type": "github"
      }
    },
    "opam-overlays": {
      "flake": false,
      "locked": {
        "lastModified": 1741116009,
        "narHash": "sha256-Z0PIW82fHJFvAv/JYpAffnp2DaOjLhsPutqyIrORZd0=",
        "owner": "dune-universe",
        "repo": "opam-overlays",
        "rev": "e031bb64e33bf93be963e9a38b28962e6e14381f",
        "type": "github"
      },
      "original": {
        "owner": "dune-universe",
        "repo": "opam-overlays",
        "type": "github"
      }
    },
    "opam-repository": {
      "flake": false,
      "locked": {
        "lastModified": 1790752488,
        "narHash": "sha256-x3nfBaFAsE6LlbzzezZcdORvexReuwM2YjDUq7zZcQU=",
        "owner": "ocaml",
        "repo": "opam-repository",
        "rev": "f294d7f729ac7f68f786bfa2cf2bb0811d9e6e95",
        "type": "github"
      },
      "original": {
        "owner": "ocaml",
        "repo": "opam-repository",
        "type": "github"
      }
    },
    "opam2json": {
      "inputs": {
        "nixpkgs": [
          "hbt-ocaml",
          "opam-nix",
          "nixpkgs"
        ],
        "systems": "systems_6"
      },
      "locked": {
        "lastModified": 1782276984,
        "narHash": "sha256-rBGN9TERADPXiehNe1/9emO6QqYPrTwSoMdB+BVEWpM=",
        "owner": "tweag",
        "repo": "opam2json",
        "rev": "88b2a71f6e2df38d3304d3900ee129f4e83048f8",
        "type": "github"
      },
      "original": {
        "owner": "tweag",
        "repo": "opam2json",
        "type": "github"
      }
    },
    "root": {
      "inputs": {
        "flake-utils": "flake-utils",
        "hbt-data": "hbt-data",
        "hbt-go": "hbt-go",
        "hbt-hs": "hbt-hs",
        "hbt-js": "hbt-js",
        "hbt-ocaml": "hbt-ocaml",
        "hbt-rs": "hbt-rs",
        "nixpkgs": "nixpkgs_6"
      }
    },
    "rust-overlay": {
      "inputs": {
        "nixpkgs": [
          "hbt-rs",
          "nixpkgs"
        ]
      },
      "locked": {
        "lastModified": 1790756160,
        "narHash": "sha256-NPs4nNLxCpho3Ctj8O7t/bzmX0zR8r0zndKghAFEz5U=",
        "owner": "oxalica",
        "repo": "rust-overlay",
        "rev": "ed3a19fd0439ed618ec5fe1e12f0ba69a8be38b5",
        "type": "github"
      },
      "original": {
        "owner": "oxalica",
        "repo": "rust-overlay",
        "type": "github"
      }
    },
    "systems": {
      "locked": {
        "lastModified": 1681028828,
        "narHash": "sha256-Vy1rq5AaRuLzOxct8nz4T6wlgyUR7zLU309k9mBC768=",
        "owner": "nix-systems",
        "repo": "default",
        "rev": "da67096a3b9bf56a91d16901293e51ba5b49a27e",
        "type": "github"
      },
      "original": {
        "owner": "nix-systems",
        "repo": "default",
        "type": "github"
      }
    },
    "systems_2": {
      "locked": {
        "lastModified": 1681028828,
        "narHash": "sha256-Vy1rq5AaRuLzOxct8nz4T6wlgyUR7zLU309k9mBC768=",
        "owner": "nix-systems",
        "repo": "default",
        "rev": "da67096a3b9bf56a91d16901293e51ba5b49a27e",
        "type": "github"
      },
      "original": {
        "owner": "nix-systems",
        "repo": "default",
        "type": "github"
      }
    },
    "systems_3": {
      "locked": {
        "lastModified": 1681028828,
        "narHash": "sha256-Vy1rq5AaRuLzOxct8nz4T6wlgyUR7zLU309k9mBC768=",
        "owner": "nix-systems",
        "repo": "default",
        "rev": "da67096a3b9bf56a91d16901293e51ba5b49a27e",
        "type": "github"
      },
      "original": {
        "owner": "nix-systems",
        "repo": "default",
        "type": "github"
      }
    },
    "systems_4": {
      "locked": {
        "lastModified": 1681028828,
        "narHash": "sha256-Vy1rq5AaRuLzOxct8nz4T6wlgyUR7zLU309k9mBC768=",
        "owner": "nix-systems",
        "repo": "default",
        "rev": "da67096a3b9bf56a91d16901293e51ba5b49a27e",
        "type": "github"
      },
      "original": {
        "owner": "nix-systems",
        "repo": "default",
        "type": "github"
      }
    },
    "systems_5": {
      "locked": {
        "lastModified": 1681028828,
        "narHash": "sha256-Vy1rq5AaRuLzOxct8nz4T6wlgyUR7zLU309k9mBC768=",
        "owner": "nix-systems",
        "repo": "default",
        "rev": "da67096a3b9bf56a91d16901293e51ba5b49a27e",
        "type": "github"
      },
      "original": {
        "owner": "nix-systems",
        "repo": "default",
        "type": "github"
      }
    },
    "systems_6": {
      "locked": {
        "lastModified": 1681028828,
        "narHash": "sha256-Vy1rq5AaRuLzOxct8nz4T6wlgyUR7zLU309k9mBC768=",
        "owner": "nix-systems",
        "repo": "default",
        "rev": "da67096a3b9bf56a91d16901293e51ba5b49a27e",
        "type": "github"
      },
      "original": {
        "owner": "nix-systems",
        "repo": "default",
        "type": "github"
      }
    },
    "systems_7": {
      "locked": {
        "lastModified": 1681028828,
        "narHash": "sha256-Vy1rq5AaRuLzOxct8nz4T6wlgyUR7zLU309k9mBC768=",
        "owner": "nix-systems",
        "repo": "default",
        "rev": "da67096a3b9bf56a91d16901293e51ba5b49a27e",
        "type": "github"
      },
      "original": {
        "owner": "nix-systems",
        "repo": "default",
        "type": "github"
      }
    },
    "uri-bytestring-src": {
      "flake": false,
      "locked": {
        "lastModified": 1744302868,
        "narHash": "sha256-U/IATDnWGAYUvBK07xCHzbYUg82oYK+4PbNvtSz5S4E=",
        "owner": "Soostone",
        "repo": "uri-bytestring",
        "rev": "f2f3b5e0897bb18d4e884b1cb0ac20ccefd6618f",
        "type": "github"
      },
      "original": {
        "owner": "Soostone",
        "ref": "0.4.0.1",
        "repo": "uri-bytestring",
        "type": "github"
      }
    },
    "utils": {
      "inputs": {
        "systems": "systems_4"
      },
      "locked": {
        "lastModified": 1731533236,
        "narHash": "sha256-l0KFg5HjrsfsO/JpG+r7fRrqm12kzFHyUHqHCVpMMbI=",
        "owner": "numtide",
        "repo": "flake-utils",
        "rev": "11707dc2f618dd54ca8739b309ec4fc024de578b",
        "type": "github"
      },
      "original": {
        "owner": "numtide",
        "repo": "flake-utils",
        "type": "github"
      }
    }
  },
  "root": "root",
  "version": 7
}
